
Microsoft Visual Studio Solution File, Format Version 12.00
# Visual Studio 15
Project("{FAE04EC0-301F-11D3-BF4B-00C04F79EFBC}") = "Assembly-CSharp", "Assembly-CSharp.csproj", "{433BE123-D2AF-C356-F1B8-C4951F275ABB}"
EndProject
Project("{FAE04EC0-301F-11D3-BF4B-00C04F79EFBC}") = "Assembly-CSharp-Editor", "Assembly-CSharp-Editor.csproj", "{139B634C-93E8-936B-D0C7-E713472678A9}"
EndProject
Global
	GlobalSection(SolutionConfigurationPlatforms) = preSolution
		Debug|Any CPU = Debug|Any CPU
		Release|Any CPU = Release|Any CPU
	EndGlobalSection
	GlobalSection(ProjectConfigurationPlatforms) = postSolution
		{433BE123-D2AF-C356-F1B8-C4951F275ABB}.Debug|Any CPU.ActiveCfg = Debug|Any CPU
		{433BE123-D2AF-C356-F1B8-C4951F275ABB}.Debug|Any CPU.Build.0 = Debug|Any CPU
		{433BE123-D2AF-C356-F1B8-C4951F275ABB}.Release|Any CPU.ActiveCfg = Release|Any CPU
		{433BE123-D2AF-C356-F1B8-C4951F275ABB}.Release|Any CPU.Build.0 = Release|Any CPU
		{139B634C-93E8-936B-D0C7-E713472678A9}.Debug|Any CPU.ActiveCfg = Debug|Any CPU
		{139B634C-93E8-936B-D0C7-E713472678A9}.Debug|Any CPU.Build.0 = Debug|Any CPU
		{139B634C-93E8-936B-D0C7-E713472678A9}.Release|Any CPU.ActiveCfg = Release|Any CPU
		{139B634C-93E8-936B-D0C7-E713472678A9}.Release|Any CPU.Build.0 = Release|Any CPU
	EndGlobalSection
	GlobalSection(SolutionProperties) = preSolution
		HideSolutionNode = FALSE
	EndGlobalSection
	GlobalSection(MonoDevelopProperties) = preSolution
		StartupItem = Assembly-CSharp.csproj
	EndGlobalSection
EndGlobal
